lockfileVersion: '9.0'

settings:
  autoInstallPeers: true
  excludeLinksFromLockfile: false

importers:

  .:
    devDependencies:
      '@girs/gjs':
        specifier: ^3.3.0
        version: 3.3.0
      '@girs/gtk-4.0':
        specifier: 4.10.4-3.2.0
        version: 4.10.4-3.2.0
      esbuild:
        specifier: ^0.24.0
        version: 0.24.0
      esbuild-gjs:
        specifier: ^1.0.0
        version: link:../..
      typescript:
        specifier: ^5.6.2
        version: 5.6.2

packages:

  '@esbuild/aix-ppc64@0.24.0':
    resolution: {integrity: sha512-WtKdFM7ls47zkKHFVzMz8opM7LkcsIp9amDUBIAWirg70RM71WRSjdILPsY5Uv1D42ZpUfaPILDlfactHgsRkw==}
    engines: {node: '>=18'}
    cpu: [ppc64]
    os: [aix]

  '@esbuild/android-arm64@0.24.0':
    resolution: {integrity: sha512-Vsm497xFM7tTIPYK9bNTYJyF/lsP590Qc1WxJdlB6ljCbdZKU9SY8i7+Iin4kyhV/KV5J2rOKsBQbB77Ab7L/w==}
    engines: {node: '>=18'}
    cpu: [arm64]
    os: [android]

  '@esbuild/android-arm@0.24.0':
    resolution: {integrity: sha512-arAtTPo76fJ/ICkXWetLCc9EwEHKaeya4vMrReVlEIUCAUncH7M4bhMQ+M9Vf+FFOZJdTNMXNBrWwW+OXWpSew==}
    engines: {node: '>=18'}
    cpu: [arm]
    os: [android]

  '@esbuild/android-x64@0.24.0':
    resolution: {integrity: sha512-t8GrvnFkiIY7pa7mMgJd7p8p8qqYIz1NYiAoKc75Zyv73L3DZW++oYMSHPRarcotTKuSs6m3hTOa5CKHaS02TQ==}
    engines: {node: '>=18'}
    cpu: [x64]
    os: [android]

  '@esbuild/darwin-arm64@0.24.0':
    resolution: {integrity: sha512-CKyDpRbK1hXwv79soeTJNHb5EiG6ct3efd/FTPdzOWdbZZfGhpbcqIpiD0+vwmpu0wTIL97ZRPZu8vUt46nBSw==}
    engines: {node: '>=18'}
    cpu: [arm64]
    os: [darwin]

  '@esbuild/darwin-x64@0.24.0':
    resolution: {integrity: sha512-rgtz6flkVkh58od4PwTRqxbKH9cOjaXCMZgWD905JOzjFKW+7EiUObfd/Kav+A6Gyud6WZk9w+xu6QLytdi2OA==}
    engines: {node: '>=18'}
    cpu: [x64]
    os: [darwin]

  '@esbuild/freebsd-arm64@0.24.0':
    resolution: {integrity: sha512-6Mtdq5nHggwfDNLAHkPlyLBpE5L6hwsuXZX8XNmHno9JuL2+bg2BX5tRkwjyfn6sKbxZTq68suOjgWqCicvPXA==}
    engines: {node: '>=18'}
    cpu: [arm64]
    os: [freebsd]

  '@esbuild/freebsd-x64@0.24.0':
    resolution: {integrity: sha512-D3H+xh3/zphoX8ck4S2RxKR6gHlHDXXzOf6f/9dbFt/NRBDIE33+cVa49Kil4WUjxMGW0ZIYBYtaGCa2+OsQwQ==}
    engines: {node: '>=18'}
    cpu: [x64]
    os: [freebsd]

  '@esbuild/linux-arm64@0.24.0':
    resolution: {integrity: sha512-TDijPXTOeE3eaMkRYpcy3LarIg13dS9wWHRdwYRnzlwlA370rNdZqbcp0WTyyV/k2zSxfko52+C7jU5F9Tfj1g==}
    engines: {node: '>=18'}
    cpu: [arm64]
    os: [linux]

  '@esbuild/linux-arm@0.24.0':
    resolution: {integrity: sha512-gJKIi2IjRo5G6Glxb8d3DzYXlxdEj2NlkixPsqePSZMhLudqPhtZ4BUrpIuTjJYXxvF9njql+vRjB2oaC9XpBw==}
    engines: {node: '>=18'}
    cpu: [arm]
    os: [linux]

  '@esbuild/linux-ia32@0.24.0':
    resolution: {integrity: sha512-K40ip1LAcA0byL05TbCQ4yJ4swvnbzHscRmUilrmP9Am7//0UjPreh4lpYzvThT2Quw66MhjG//20mrufm40mA==}
    engines: {node: '>=18'}
    cpu: [ia32]
    os: [linux]

  '@esbuild/linux-loong64@0.24.0':
    resolution: {integrity: sha512-0mswrYP/9ai+CU0BzBfPMZ8RVm3RGAN/lmOMgW4aFUSOQBjA31UP8Mr6DDhWSuMwj7jaWOT0p0WoZ6jeHhrD7g==}
    engines: {node: '>=18'}
    cpu: [loong64]
    os: [linux]

  '@esbuild/linux-mips64el@0.24.0':
    resolution: {integrity: sha512-hIKvXm0/3w/5+RDtCJeXqMZGkI2s4oMUGj3/jM0QzhgIASWrGO5/RlzAzm5nNh/awHE0A19h/CvHQe6FaBNrRA==}
    engines: {node: '>=18'}
    cpu: [mips64el]
    os: [linux]

  '@esbuild/linux-ppc64@0.24.0':
    resolution: {integrity: sha512-HcZh5BNq0aC52UoocJxaKORfFODWXZxtBaaZNuN3PUX3MoDsChsZqopzi5UupRhPHSEHotoiptqikjN/B77mYQ==}
    engines: {node: '>=18'}
    cpu: [ppc64]
    os: [linux]

  '@esbuild/linux-riscv64@0.24.0':
    resolution: {integrity: sha512-bEh7dMn/h3QxeR2KTy1DUszQjUrIHPZKyO6aN1X4BCnhfYhuQqedHaa5MxSQA/06j3GpiIlFGSsy1c7Gf9padw==}
    engines: {node: '>=18'}
    cpu: [riscv64]
    os: [linux]

  '@esbuild/linux-s390x@0.24.0':
    resolution: {integrity: sha512-ZcQ6+qRkw1UcZGPyrCiHHkmBaj9SiCD8Oqd556HldP+QlpUIe2Wgn3ehQGVoPOvZvtHm8HPx+bH20c9pvbkX3g==}
    engines: {node: '>=18'}
    cpu: [s390x]
    os: [linux]

  '@esbuild/linux-x64@0.24.0':
    resolution: {integrity: sha512-vbutsFqQ+foy3wSSbmjBXXIJ6PL3scghJoM8zCL142cGaZKAdCZHyf+Bpu/MmX9zT9Q0zFBVKb36Ma5Fzfa8xA==}
    engines: {node: '>=18'}
    cpu: [x64]
    os: [linux]

  '@esbuild/netbsd-x64@0.24.0':
    resolution: {integrity: sha512-hjQ0R/ulkO8fCYFsG0FZoH+pWgTTDreqpqY7UnQntnaKv95uP5iW3+dChxnx7C3trQQU40S+OgWhUVwCjVFLvg==}
    engines: {node: '>=18'}
    cpu: [x64]
    os: [netbsd]

  '@esbuild/openbsd-arm64@0.24.0':
    resolution: {integrity: sha512-MD9uzzkPQbYehwcN583yx3Tu5M8EIoTD+tUgKF982WYL9Pf5rKy9ltgD0eUgs8pvKnmizxjXZyLt0z6DC3rRXg==}
    engines: {node: '>=18'}
    cpu: [arm64]
    os: [openbsd]

  '@esbuild/openbsd-x64@0.24.0':
    resolution: {integrity: sha512-4ir0aY1NGUhIC1hdoCzr1+5b43mw99uNwVzhIq1OY3QcEwPDO3B7WNXBzaKY5Nsf1+N11i1eOfFcq+D/gOS15Q==}
    engines: {node: '>=18'}
    cpu: [x64]
    os: [openbsd]

  '@esbuild/sunos-x64@0.24.0':
    resolution: {integrity: sha512-jVzdzsbM5xrotH+W5f1s+JtUy1UWgjU0Cf4wMvffTB8m6wP5/kx0KiaLHlbJO+dMgtxKV8RQ/JvtlFcdZ1zCPA==}
    engines: {node: '>=18'}
    cpu: [x64]
    os: [sunos]

  '@esbuild/win32-arm64@0.24.0':
    resolution: {integrity: sha512-iKc8GAslzRpBytO2/aN3d2yb2z8XTVfNV0PjGlCxKo5SgWmNXx82I/Q3aG1tFfS+A2igVCY97TJ8tnYwpUWLCA==}
    engines: {node: '>=18'}
    cpu: [arm64]
    os: [win32]

  '@esbuild/win32-ia32@0.24.0':
    resolution: {integrity: sha512-vQW36KZolfIudCcTnaTpmLQ24Ha1RjygBo39/aLkM2kmjkWmZGEJ5Gn9l5/7tzXA42QGIoWbICfg6KLLkIw6yw==}
    engines: {node: '>=18'}
    cpu: [ia32]
    os: [win32]

  '@esbuild/win32-x64@0.24.0':
    resolution: {integrity: sha512-7IAFPrjSQIJrGsK6flwg7NFmwBoSTyF3rl7If0hNUFQU4ilTsEPL6GuMuU9BfIWVVGuRnuIidkSMC+c0Otu8IA==}
    engines: {node: '>=18'}
    cpu: [x64]
    os: [win32]

  '@girs/cairo-1.0@1.0.0-4.0.0-beta.16':
    resolution: {integrity: sha512-nIrOvL73lhCHB/4n4ro7Ud4XaR0DrUg+MvCN/B42L2eCS8YIZ0MHZ+Fma0shifDQyv8uoopHfE5I7X/v7VOYFg==}

  '@girs/freetype2-2.0@2.0.0-4.0.0-beta.16':
    resolution: {integrity: sha512-djReh9OOKW5vG8t94ie4mQmsUWS4qgLWLMBIFg/KKcCrGHYgwkcSafLnnn/5HyRgdz6qxoFm6N3C+AJEcYYz6A==}

  '@girs/gdk-4.0@4.0.0-4.0.0-beta.16':
    resolution: {integrity: sha512-vVi22uEwYvXjW9+3Y1SOEPELx+QcXur8OBHDTTC9A4PSFa7LxHWxyDfa39kllq1gp160G4mQ4ae8Sm1FDza1AA==}

  '@girs/gdkpixbuf-2.0@2.0.0-4.0.0-beta.16':
    resolution: {integrity: sha512-d4v7fGCuegpf5sscnMsOCjeuQgJjUJ4+Gozr+wFL30Are944V1FYWrdWP1GgIaNnBeWXY43D58YFQhsfFi+bWg==}

  '@girs/gio-2.0@2.76.1-3.2.3':
    resolution: {integrity: sha512-6SK2z2YsZrxdoumXW7taI1S2HIBvWcFoKWAot0A5coMskJOnt6HnNxIMTBbN5YhkOs855YHqfaLYeNNU3Y3M2A==}

  '@girs/gio-2.0@2.82.0-4.0.0-beta.16':
    resolution: {integrity: sha512-5JW6qgyzh3OW7dEihP+h2ZtXWw7kDXi/ra63ZscnYqUIuoebqaSB66HFzd3AMyDYYQ7j8IGZdJCog+6kKwnk8Q==}

  '@girs/gjs@3.3.0':
    resolution: {integrity: sha512-5cQaouORn53vLM+cFAEOzJuzcm47eH86R2OGUgrHIL4KT7sEm+BKkhqlI67m+iJUMl/I72P2Hfe+Am4jl0YxlQ==}

  '@girs/gjs@4.0.0-beta.16':
    resolution: {integrity: sha512-UjWj6GXXCqJ+z8DdzQ2XYxl1IqzgcIOIs6BTcEsXQfaZx9704GNpd9PRcqOKj7hVe2VGqO5VdIbk80u9Bo+lUQ==}

  '@girs/glib-2.0@2.76.1-3.2.3':
    resolution: {integrity: sha512-pY/ZE2WPco9E8Cz5+wTqxEOdVpipEQBRDJXVd/KQCoRjTSvgoMLLEE8B84W0LgOgR8ns99XtGZrf0U0y4qFqyA==}

  '@girs/glib-2.0@2.78.0-3.3.0':
    resolution: {integrity: sha512-XuoKuOm9aNVou+yWtlbcwEcNI7v1gCJUBQboPlZxft+o9CnP2FmwRntqZnfhZepGmLbASMA8Ow5iEL8glNwVsw==}

  '@girs/glib-2.0@2.82.0-4.0.0-beta.16':
    resolution: {integrity: sha512-YZjsythyPhClrq0uEGq8rBJ8ER0iBPf3alr1kkSOt28tDG4tn0Rv2kudHEKsFenlFjzhYVOMrJSjVvsxtcqRUQ==}

  '@girs/gmodule-2.0@2.0.0-4.0.0-beta.16':
    resolution: {integrity: sha512-jhl7j0JOtttJnOFQ4OypPjGP5DL8AlEiSsd8YKpXI3CEC7tUFZXHq+/mymFeZ6m4GFLEdC4j0efl9roPTSEYnA==}

  '@girs/gobject-2.0@2.76.1-3.2.3':
    resolution: {integrity: sha512-9X35d1ZRO4xY9b0iOm51MwjfbgvOGQtNs2A9IWcSlaoI4LB5mCRlPlQ1UFhpqcbbmdrL+Cce/0p3F36x5rn/dg==}

  '@girs/gobject-2.0@2.78.0-3.3.0':
    resolution: {integrity: sha512-s6IpE1o9uAf8kZgncWjdYerErhWXgszIFHXEvvyKR8csI36SFD730CqJRiCepP2okoJmD0Vi3jrnuq5jb8wIMA==}

  '@girs/gobject-2.0@2.82.0-4.0.0-beta.16':
    resolution: {integrity: sha512-ziBHUMSVuoHlzhZrMvuJDSZPOR4HzRW+nk35aI3QW9TpHtIYTk6vWvY0EG0+ylzJlltT9C/kzoVvspyMulBZ5g==}

  '@girs/graphene-1.0@1.0.0-4.0.0-beta.16':
    resolution: {integrity: sha512-OQ1TfBQNwL19fe4PfubJwWVaQGQ5LyBf/5cQnRWYvuLGARS6lNCoLs5+/fGuukO4mxJK5/3A7sfh1DiapC2D5g==}

  '@girs/gsk-4.0@4.0.0-4.0.0-beta.16':
    resolution: {integrity: sha512-dZB59dTMUJPiPj0Upy9DvaTTBAJ3b0c33kGuvZjsv8Lr4b+NGeCBouTCvBJYDWqNupuZKy2P/PjdsouJOLR4Jw==}

  '@girs/gtk-4.0@4.10.4-3.2.0':
    resolution: {integrity: sha512-/KB4LIQ9+Y+hWD/ZEqOdBelwp66dN9jTJumoyg4UQVQIq3h/c0oX/+ul3McEnpqNqq67GF5Em6/YXkBPZWIpQQ==}

  '@girs/harfbuzz-0.0@7.1.0-3.2.3':
    resolution: {integrity: sha512-z9fpiJBni97ioU2f1BIrfHCoTD2HDt0h2kaa0EL9n6DvzhntRXUc56cRRRohhXMyIwfUJmMOPuiqMFTI8kt4OQ==}

  '@girs/harfbuzz-0.0@9.0.0-4.0.0-beta.16':
    resolution: {integrity: sha512-ONBRGCdBj668eComG25kOZVDU6HqRZWHIA42YYlB0JxF6Dgtu52sLiDoGXh00gkpATqnFbHfkDJhiL9EowGgIQ==}

  '@girs/pango-1.0@1.50.14-3.2.3':
    resolution: {integrity: sha512-MCiVij8ute3z70/K20/qiUStA+5tN3OWl7Zc8/Tda/dtFIEOs+eb8keJTkqXrRK7KxAn4q/iFD2SSCJT647ACA==}

  '@girs/pango-1.0@1.54.0-4.0.0-beta.16':
    resolution: {integrity: sha512-EY1/70Q1eZ8B3DlkB+QKgK4BLRM2B0sl8tZiHxy99H72Yl+DW2yqyXrG5mx5TxVfphd2hB5x3+vREej15XSgRQ==}

  '@girs/pangocairo-1.0@1.0.0-4.0.0-beta.16':
    resolution: {integrity: sha512-2UfGwcXmKs2ddODH3eNlCNDQdIBNmEXxAcZ3Ov0MNarzyN6yT+/loDWVUR69jFa3865OLBCXE5Pz7qrv+mQE8w==}

  esbuild@0.24.0:
    resolution: {integrity: sha512-FuLPevChGDshgSicjisSooU0cemp/sGXR841D5LHMB7mTVOmsEHcAxaH3irL53+8YDIeVNQEySh4DaYU/iuPqQ==}
    engines: {node: '>=18'}
    hasBin: true

  typescript@5.6.2:
    resolution: {integrity: sha512-NW8ByodCSNCwZeghjN3o+JX5OFH0Ojg6sadjEKY4huZ52TqbJTJnDo5+Tw98lSy63NZvi4n+ez5m2u5d4PkZyw==}
    engines: {node: '>=14.17'}
    hasBin: true

snapshots:

  '@esbuild/aix-ppc64@0.24.0':
    optional: true

  '@esbuild/android-arm64@0.24.0':
    optional: true

  '@esbuild/android-arm@0.24.0':
    optional: true

  '@esbuild/android-x64@0.24.0':
    optional: true

  '@esbuild/darwin-arm64@0.24.0':
    optional: true

  '@esbuild/darwin-x64@0.24.0':
    optional: true

  '@esbuild/freebsd-arm64@0.24.0':
    optional: true

  '@esbuild/freebsd-x64@0.24.0':
    optional: true

  '@esbuild/linux-arm64@0.24.0':
    optional: true

  '@esbuild/linux-arm@0.24.0':
    optional: true

  '@esbuild/linux-ia32@0.24.0':
    optional: true

  '@esbuild/linux-loong64@0.24.0':
    optional: true

  '@esbuild/linux-mips64el@0.24.0':
    optional: true

  '@esbuild/linux-ppc64@0.24.0':
    optional: true

  '@esbuild/linux-riscv64@0.24.0':
    optional: true

  '@esbuild/linux-s390x@0.24.0':
    optional: true

  '@esbuild/linux-x64@0.24.0':
    optional: true

  '@esbuild/netbsd-x64@0.24.0':
    optional: true

  '@esbuild/openbsd-arm64@0.24.0':
    optional: true

  '@esbuild/openbsd-x64@0.24.0':
    optional: true

  '@esbuild/sunos-x64@0.24.0':
    optional: true

  '@esbuild/win32-arm64@0.24.0':
    optional: true

  '@esbuild/win32-ia32@0.24.0':
    optional: true

  '@esbuild/win32-x64@0.24.0':
    optional: true

  '@girs/cairo-1.0@1.0.0-4.0.0-beta.16':
    dependencies:
      '@girs/gjs': 4.0.0-beta.16
      '@girs/glib-2.0': 2.82.0-4.0.0-beta.16
      '@girs/gobject-2.0': 2.82.0-4.0.0-beta.16

  '@girs/freetype2-2.0@2.0.0-4.0.0-beta.16':
    dependencies:
      '@girs/gjs': 4.0.0-beta.16
      '@girs/gobject-2.0': 2.82.0-4.0.0-beta.16

  '@girs/gdk-4.0@4.0.0-4.0.0-beta.16':
    dependencies:
      '@girs/cairo-1.0': 1.0.0-4.0.0-beta.16
      '@girs/freetype2-2.0': 2.0.0-4.0.0-beta.16
      '@girs/gdkpixbuf-2.0': 2.0.0-4.0.0-beta.16
      '@girs/gio-2.0': 2.82.0-4.0.0-beta.16
      '@girs/gjs': 4.0.0-beta.16
      '@girs/glib-2.0': 2.82.0-4.0.0-beta.16
      '@girs/gmodule-2.0': 2.0.0-4.0.0-beta.16
      '@girs/gobject-2.0': 2.82.0-4.0.0-beta.16
      '@girs/harfbuzz-0.0': 9.0.0-4.0.0-beta.16
      '@girs/pango-1.0': 1.54.0-4.0.0-beta.16
      '@girs/pangocairo-1.0': 1.0.0-4.0.0-beta.16

  '@girs/gdkpixbuf-2.0@2.0.0-4.0.0-beta.16':
    dependencies:
      '@girs/gio-2.0': 2.82.0-4.0.0-beta.16
      '@girs/gjs': 4.0.0-beta.16
      '@girs/glib-2.0': 2.82.0-4.0.0-beta.16
      '@girs/gmodule-2.0': 2.0.0-4.0.0-beta.16
      '@girs/gobject-2.0': 2.82.0-4.0.0-beta.16

  '@girs/gio-2.0@2.76.1-3.2.3':
    dependencies:
      '@girs/gjs': 3.3.0
      '@girs/glib-2.0': 2.76.1-3.2.3
      '@girs/gobject-2.0': 2.76.1-3.2.3

  '@girs/gio-2.0@2.82.0-4.0.0-beta.16':
    dependencies:
      '@girs/gjs': 4.0.0-beta.16
      '@girs/glib-2.0': 2.82.0-4.0.0-beta.16
      '@girs/gmodule-2.0': 2.0.0-4.0.0-beta.16
      '@girs/gobject-2.0': 2.82.0-4.0.0-beta.16

  '@girs/gjs@3.3.0':
    dependencies:
      '@girs/glib-2.0': 2.78.0-3.3.0
      '@girs/gobject-2.0': 2.78.0-3.3.0

  '@girs/gjs@4.0.0-beta.16':
    dependencies:
      '@girs/cairo-1.0': 1.0.0-4.0.0-beta.16
      '@girs/gio-2.0': 2.82.0-4.0.0-beta.16
      '@girs/glib-2.0': 2.82.0-4.0.0-beta.16
      '@girs/gobject-2.0': 2.82.0-4.0.0-beta.16

  '@girs/glib-2.0@2.76.1-3.2.3':
    dependencies:
      '@girs/gjs': 3.3.0
      '@girs/gobject-2.0': 2.76.1-3.2.3

  '@girs/glib-2.0@2.78.0-3.3.0':
    dependencies:
      '@girs/gjs': 3.3.0
      '@girs/gobject-2.0': 2.78.0-3.3.0

  '@girs/glib-2.0@2.82.0-4.0.0-beta.16':
    dependencies:
      '@girs/gjs': 4.0.0-beta.16
      '@girs/gobject-2.0': 2.82.0-4.0.0-beta.16

  '@girs/gmodule-2.0@2.0.0-4.0.0-beta.16':
    dependencies:
      '@girs/gjs': 4.0.0-beta.16
      '@girs/glib-2.0': 2.82.0-4.0.0-beta.16
      '@girs/gobject-2.0': 2.82.0-4.0.0-beta.16

  '@girs/gobject-2.0@2.76.1-3.2.3':
    dependencies:
      '@girs/gjs': 3.3.0
      '@girs/glib-2.0': 2.76.1-3.2.3

  '@girs/gobject-2.0@2.78.0-3.3.0':
    dependencies:
      '@girs/gjs': 3.3.0
      '@girs/glib-2.0': 2.78.0-3.3.0

  '@girs/gobject-2.0@2.82.0-4.0.0-beta.16':
    dependencies:
      '@girs/gjs': 4.0.0-beta.16
      '@girs/glib-2.0': 2.82.0-4.0.0-beta.16

  '@girs/graphene-1.0@1.0.0-4.0.0-beta.16':
    dependencies:
      '@girs/gjs': 4.0.0-beta.16
      '@girs/glib-2.0': 2.82.0-4.0.0-beta.16
      '@girs/gobject-2.0': 2.82.0-4.0.0-beta.16

  '@girs/gsk-4.0@4.0.0-4.0.0-beta.16':
    dependencies:
      '@girs/cairo-1.0': 1.0.0-4.0.0-beta.16
      '@girs/freetype2-2.0': 2.0.0-4.0.0-beta.16
      '@girs/gdk-4.0': 4.0.0-4.0.0-beta.16
      '@girs/gdkpixbuf-2.0': 2.0.0-4.0.0-beta.16
      '@girs/gio-2.0': 2.82.0-4.0.0-beta.16
      '@girs/gjs': 4.0.0-beta.16
      '@girs/glib-2.0': 2.82.0-4.0.0-beta.16
      '@girs/gmodule-2.0': 2.0.0-4.0.0-beta.16
      '@girs/gobject-2.0': 2.82.0-4.0.0-beta.16
      '@girs/graphene-1.0': 1.0.0-4.0.0-beta.16
      '@girs/harfbuzz-0.0': 9.0.0-4.0.0-beta.16
      '@girs/pango-1.0': 1.54.0-4.0.0-beta.16
      '@girs/pangocairo-1.0': 1.0.0-4.0.0-beta.16

  '@girs/gtk-4.0@4.10.4-3.2.0':
    dependencies:
      '@girs/cairo-1.0': 1.0.0-4.0.0-beta.16
      '@girs/freetype2-2.0': 2.0.0-4.0.0-beta.16
      '@girs/gdk-4.0': 4.0.0-4.0.0-beta.16
      '@girs/gdkpixbuf-2.0': 2.0.0-4.0.0-beta.16
      '@girs/gio-2.0': 2.76.1-3.2.3
      '@girs/gjs': 3.3.0
      '@girs/glib-2.0': 2.76.1-3.2.3
      '@girs/gmodule-2.0': 2.0.0-4.0.0-beta.16
      '@girs/gobject-2.0': 2.76.1-3.2.3
      '@girs/graphene-1.0': 1.0.0-4.0.0-beta.16
      '@girs/gsk-4.0': 4.0.0-4.0.0-beta.16
      '@girs/harfbuzz-0.0': 7.1.0-3.2.3
      '@girs/pango-1.0': 1.50.14-3.2.3
      '@girs/pangocairo-1.0': 1.0.0-4.0.0-beta.16

  '@girs/harfbuzz-0.0@7.1.0-3.2.3':
    dependencies:
      '@girs/freetype2-2.0': 2.0.0-4.0.0-beta.16
      '@girs/gjs': 3.3.0
      '@girs/glib-2.0': 2.76.1-3.2.3
      '@girs/gobject-2.0': 2.76.1-3.2.3

  '@girs/harfbuzz-0.0@9.0.0-4.0.0-beta.16':
    dependencies:
      '@girs/freetype2-2.0': 2.0.0-4.0.0-beta.16
      '@girs/gjs': 4.0.0-beta.16
      '@girs/glib-2.0': 2.82.0-4.0.0-beta.16
      '@girs/gobject-2.0': 2.82.0-4.0.0-beta.16

  '@girs/pango-1.0@1.50.14-3.2.3':
    dependencies:
      '@girs/cairo-1.0': 1.0.0-4.0.0-beta.16
      '@girs/freetype2-2.0': 2.0.0-4.0.0-beta.16
      '@girs/gio-2.0': 2.76.1-3.2.3
      '@girs/gjs': 3.3.0
      '@girs/glib-2.0': 2.76.1-3.2.3
      '@girs/gobject-2.0': 2.76.1-3.2.3
      '@girs/harfbuzz-0.0': 7.1.0-3.2.3

  '@girs/pango-1.0@1.54.0-4.0.0-beta.16':
    dependencies:
      '@girs/cairo-1.0': 1.0.0-4.0.0-beta.16
      '@girs/freetype2-2.0': 2.0.0-4.0.0-beta.16
      '@girs/gio-2.0': 2.82.0-4.0.0-beta.16
      '@girs/gjs': 4.0.0-beta.16
      '@girs/glib-2.0': 2.82.0-4.0.0-beta.16
      '@girs/gmodule-2.0': 2.0.0-4.0.0-beta.16
      '@girs/gobject-2.0': 2.82.0-4.0.0-beta.16
      '@girs/harfbuzz-0.0': 9.0.0-4.0.0-beta.16

  '@girs/pangocairo-1.0@1.0.0-4.0.0-beta.16':
    dependencies:
      '@girs/cairo-1.0': 1.0.0-4.0.0-beta.16
      '@girs/freetype2-2.0': 2.0.0-4.0.0-beta.16
      '@girs/gio-2.0': 2.82.0-4.0.0-beta.16
      '@girs/gjs': 4.0.0-beta.16
      '@girs/glib-2.0': 2.82.0-4.0.0-beta.16
      '@girs/gmodule-2.0': 2.0.0-4.0.0-beta.16
      '@girs/gobject-2.0': 2.82.0-4.0.0-beta.16
      '@girs/harfbuzz-0.0': 9.0.0-4.0.0-beta.16
      '@girs/pango-1.0': 1.54.0-4.0.0-beta.16

  esbuild@0.24.0:
    optionalDependencies:
      '@esbuild/aix-ppc64': 0.24.0
      '@esbuild/android-arm': 0.24.0
      '@esbuild/android-arm64': 0.24.0
      '@esbuild/android-x64': 0.24.0
      '@esbuild/darwin-arm64': 0.24.0
      '@esbuild/darwin-x64': 0.24.0
      '@esbuild/freebsd-arm64': 0.24.0
      '@esbuild/freebsd-x64': 0.24.0
      '@esbuild/linux-arm': 0.24.0
      '@esbuild/linux-arm64': 0.24.0
      '@esbuild/linux-ia32': 0.24.0
      '@esbuild/linux-loong64': 0.24.0
      '@esbuild/linux-mips64el': 0.24.0
      '@esbuild/linux-ppc64': 0.24.0
      '@esbuild/linux-riscv64': 0.24.0
      '@esbuild/linux-s390x': 0.24.0
      '@esbuild/linux-x64': 0.24.0
      '@esbuild/netbsd-x64': 0.24.0
      '@esbuild/openbsd-arm64': 0.24.0
      '@esbuild/openbsd-x64': 0.24.0
      '@esbuild/sunos-x64': 0.24.0
      '@esbuild/win32-arm64': 0.24.0
      '@esbuild/win32-ia32': 0.24.0
      '@esbuild/win32-x64': 0.24.0

  typescript@5.6.2: {}
